
Microsoft Visual Studio Solution File, Format Version 12.00
# Visual Studio Version 16
VisualStudioVersion = 16.0.33027.164
MinimumVisualStudioVersion = 10.0.40219.1
Project("{FAE04EC0-301F-11D3-BF4B-00C04F79EFBC}") = "operaciones", "operaciones\operaciones.csproj", "{BCC985E0-8D57-4835-922A-34DE64C31332}"
EndProject
Global
	GlobalSection(SolutionConfigurationPlatforms) = preSolution
		Debug|Any CPU = Debug|Any CPU
		Release|Any CPU = Release|Any CPU
	EndGlobalSection
	GlobalSection(ProjectConfigurationPlatforms) = postSolution
		{BCC985E0-8D57-4835-922A-34DE64C31332}.Debug|Any CPU.ActiveCfg = Debug|Any CPU
		{BCC985E0-8D57-4835-922A-34DE64C31332}.Debug|Any CPU.Build.0 = Debug|Any CPU
		{BCC985E0-8D57-4835-922A-34DE64C31332}.Release|Any CPU.ActiveCfg = Release|Any CPU
		{BCC985E0-8D57-4835-922A-34DE64C31332}.Release|Any CPU.Build.0 = Release|Any CPU
	EndGlobalSection
	GlobalSection(SolutionProperties) = preSolution
		HideSolutionNode = FALSE
	EndGlobalSection
	GlobalSection(ExtensibilityGlobals) = postSolution
		SolutionGuid = {7A1E101C-E63B-47C4-BE91-A6D66C04FB1F}
	EndGlobalSection
EndGlobal
